
Microsoft Visual Studio Solution File, Format Version 12.00
# Visual Studio 2012
Project("{FAE04EC0-301F-11D3-BF4B-00C04F79EFBC}") = "Picasso", "Picasso\Picasso.csproj", "{447A1281-ED14-4927-91FD-B90D9F85DB28}"
EndProject
Project("{FAE04EC0-301F-11D3-BF4B-00C04F79EFBC}") = "PicassoDemo", "PicassoDemo\PicassoDemo.csproj", "{D709DDE9-79E9-4728-BC11-F8A42845D15E}"
EndProject
Global
	GlobalSection(SolutionConfigurationPlatforms) = preSolution
		Debug|Any CPU = Debug|Any CPU
		Release|Any CPU = Release|Any CPU
	EndGlobalSection
	GlobalSection(ProjectConfigurationPlatforms) = postSolution
		{447A1281-ED14-4927-91FD-B90D9F85DB28}.Debug|Any CPU.ActiveCfg = Debug|Any CPU
		{447A1281-ED14-4927-91FD-B90D9F85DB28}.Debug|Any CPU.Build.0 = Debug|Any CPU
		{447A1281-ED14-4927-91FD-B90D9F85DB28}.Release|Any CPU.ActiveCfg = Release|Any CPU
		{447A1281-ED14-4927-91FD-B90D9F85DB28}.Release|Any CPU.Build.0 = Release|Any CPU
		{D709DDE9-79E9-4728-BC11-F8A42845D15E}.Debug|Any CPU.ActiveCfg = Debug|Any CPU
		{D709DDE9-79E9-4728-BC11-F8A42845D15E}.Debug|Any CPU.Build.0 = Debug|Any CPU
		{D709DDE9-79E9-4728-BC11-F8A42845D15E}.Debug|Any CPU.Deploy.0 = Debug|Any CPU
		{D709DDE9-79E9-4728-BC11-F8A42845D15E}.Release|Any CPU.ActiveCfg = Release|Any CPU
		{D709DDE9-79E9-4728-BC11-F8A42845D15E}.Release|Any CPU.Build.0 = Release|Any CPU
		{D709DDE9-79E9-4728-BC11-F8A42845D15E}.Release|Any CPU.Deploy.0 = Release|Any CPU
	EndGlobalSection
	GlobalSection(SolutionProperties) = preSolution
		HideSolutionNode = FALSE
	EndGlobalSection
EndGlobal
